
Microsoft Visual Studio Solution File, Format Version 12.00
# Visual Studio Version 16
VisualStudioVersion = 16.0.29926.136
MinimumVisualStudioVersion = 10.0.40219.1
Project("{FAE04EC0-301F-11D3-BF4B-00C04F79EFBC}") = "TP1_RodriguezLeandro", "TP1_RodriguezLeandro\TP1_RodriguezLeandro.csproj", "{583AE05E-C461-41CE-9D9A-96C45E1E90F5}"
EndProject
Global
	GlobalSection(SolutionConfigurationPlatforms) = preSolution
		Debug|Any CPU = Debug|Any CPU
		Release|Any CPU = Release|Any CPU
	EndGlobalSection
	GlobalSection(ProjectConfigurationPlatforms) = postSolution
		{583AE05E-C461-41CE-9D9A-96C45E1E90F5}.Debug|Any CPU.ActiveCfg = Debug|Any CPU
		{583AE05E-C461-41CE-9D9A-96C45E1E90F5}.Debug|Any CPU.Build.0 = Debug|Any CPU
		{583AE05E-C461-41CE-9D9A-96C45E1E90F5}.Release|Any CPU.ActiveCfg = Release|Any CPU
		{583AE05E-C461-41CE-9D9A-96C45E1E90F5}.Release|Any CPU.Build.0 = Release|Any CPU
	EndGlobalSection
	GlobalSection(SolutionProperties) = preSolution
		HideSolutionNode = FALSE
	EndGlobalSection
	GlobalSection(ExtensibilityGlobals) = postSolution
		SolutionGuid = {E426DDD7-FB82-47C2-A1A4-B6B32A304A2A}
	EndGlobalSection
EndGlobal
